<Solution>
  <Configurations>
    <Platform Name="x64" />
  </Configurations>
  <Project Path="SensorHUD.Core/SensorHUD.Core.csproj" />
  <Project Path="SensorHUD.Collector/SensorHUD.Collector.csproj">
    <Platform Solution="*|x64" Project="x64" />
  </Project>
  <Project Path="SensorHUD/SensorHUD.csproj">
    <Platform Solution="*|x64" Project="x64" />
    <Deploy />
  </Project>
</Solution>
